
Microsoft Visual Studio Solution File, Format Version 12.00
# Visual Studio Version 17
VisualStudioVersion = 17.1.32421.90
MinimumVisualStudioVersion = 10.0.40219.1
Project("{9A19103F-16F7-4668-BE54-9A1E7A4F7556}") = "minimal-er", "minimal-er\minimal-er.csproj", "{A8BD4254-16F1-4B29-B3F2-723B46EC29C3}"
EndProject
Global
	GlobalSection(SolutionConfigurationPlatforms) = preSolution
		Debug|Any CPU = Debug|Any CPU
		Release|Any CPU = Release|Any CPU
	EndGlobalSection
	GlobalSection(ProjectConfigurationPlatforms) = postSolution
		{A8BD4254-16F1-4B29-B3F2-723B46EC29C3}.Debug|Any CPU.ActiveCfg = Debug|Any CPU
		{A8BD4254-16F1-4B29-B3F2-723B46EC29C3}.Debug|Any CPU.Build.0 = Debug|Any CPU
		{A8BD4254-16F1-4B29-B3F2-723B46EC29C3}.Release|Any CPU.ActiveCfg = Release|Any CPU
		{A8BD4254-16F1-4B29-B3F2-723B46EC29C3}.Release|Any CPU.Build.0 = Release|Any CPU
	EndGlobalSection
	GlobalSection(SolutionProperties) = preSolution
		HideSolutionNode = FALSE
	EndGlobalSection
	GlobalSection(ExtensibilityGlobals) = postSolution
		SolutionGuid = {FEACAFF2-FE6D-485B-B7C5-7EA1932363B6}
	EndGlobalSection
EndGlobal
